// !$*UTF8*$!
{
	archiveVersion = 1;
	classes = {
	};
	objectVersion = 46;
	objects = {

/* Begin PBXBuildFile section */
		AB08EE8B1D97E698001A502D /* JBFWineryTableViewController.m in Sources */ = {isa = PBXBuildFile; fileRef = AB08EE8A1D97E698001A502D /* JBFWineryTableViewController.m */; };
		AB2B11001C358E1500522AC5 /* splitView_score_glass@2x.png in Resources */ = {isa = PBXBuildFile; fileRef = AB2B10FF1C358E1500522AC5 /* splitView_score_glass@2x.png */; };
		AB2B11031C358EA000522AC5 /* bembibre.jpg in Resources */ = {isa = PBXBuildFile; fileRef = AB2B11021C358EA000522AC5 /* bembibre.jpg */; };
		AB7FC5101D8CBDD400D5FF3A /* JBFWebViewController.m in Sources */ = {isa = PBXBuildFile; fileRef = AB7FC50E1D8CBDD400D5FF3A /* JBFWebViewController.m */; };
		AB7FC5111D8CBDD400D5FF3A /* JBFWebViewController.xib in Resources */ = {isa = PBXBuildFile; fileRef = AB7FC50F1D8CBDD400D5FF3A /* JBFWebViewController.xib */; };
		ABD8E0281D95E44900A75D8C /* JBFWineryModel.m in Sources */ = {isa = PBXBuildFile; fileRef = ABD8E0271D95E44900A75D8C /* JBFWineryModel.m */; };
		ABE676FF1D948228001058CB /* comtesDeChampagne.jpg in Resources */ = {isa = PBXBuildFile; fileRef = ABE676FE1D948228001058CB /* comtesDeChampagne.jpg */; };
		ABE677011D94825F001058CB /* zarate.gif in Resources */ = {isa = PBXBuildFile; fileRef = ABE677001D94825F001058CB /* zarate.gif */; };
		ABF716771C34680800B6050B /* main.m in Sources */ = {isa = PBXBuildFile; fileRef = ABF716761C34680800B6050B /* main.m */; };
		ABF7167A1C34680800B6050B /* AppDelegate.m in Sources */ = {isa = PBXBuildFile; fileRef = ABF716791C34680800B6050B /* AppDelegate.m */; };
		ABF7167C1C34680800B6050B /* Assets.xcassets in Resources */ = {isa = PBXBuildFile; fileRef = ABF7167B1C34680800B6050B /* Assets.xcassets */; };
		ABF7167F1C34680800B6050B /* LaunchScreen.storyboard in Resources */ = {isa = PBXBuildFile; fileRef = ABF7167D1C34680800B6050B /* LaunchScreen.storyboard */; };
		ABF716881C348E0E00B6050B /* JBFWineModel.m in Sources */ = {isa = PBXBuildFile; fileRef = ABF716871C348E0E00B6050B /* JBFWineModel.m */; };
		ABF716B01C349E9200B6050B /* JBFWineViewController.m in Sources */ = {isa = PBXBuildFile; fileRef = ABF716AE1C349E9200B6050B /* JBFWineViewController.m */; };
		ABF716B11C349E9200B6050B /* JBFWineViewController.xib in Resources */ = {isa = PBXBuildFile; fileRef = ABF716AF1C349E9200B6050B /* JBFWineViewController.xib */; };
/* End PBXBuildFile section */

/* Begin PBXFileReference section */
		AB08EE891D97E698001A502D /* JBFWineryTableViewController.h */ = {isa = PBXFileReference; fileEncoding = 4; lastKnownFileType = sourcecode.c.h; path = JBFWineryTableViewController.h; sourceTree = "<group>"; };
		AB08EE8A1D97E698001A502D /* JBFWineryTableViewController.m */ = {isa = PBXFileReference; fileEncoding = 4; lastKnownFileType = sourcecode.c.objc; path = JBFWineryTableViewController.m; sourceTree = "<group>"; };
		AB2B10FF1C358E1500522AC5 /* splitView_score_glass@2x.png */ = {isa = PBXFileReference; lastKnownFileType = image.png; path = "splitView_score_glass@2x.png"; sourceTree = "<group>"; };
		AB2B11021C358EA000522AC5 /* bembibre.jpg */ = {isa = PBXFileReference; lastKnownFileType = image.jpeg; path = bembibre.jpg; sourceTree = "<group>"; };
		AB7FC50D1D8CBDD400D5FF3A /* JBFWebViewController.h */ = {isa = PBXFileReference; fileEncoding = 4; lastKnownFileType = sourcecode.c.h; path = JBFWebViewController.h; sourceTree = "<group>"; };
		AB7FC50E1D8CBDD400D5FF3A /* JBFWebViewController.m */ = {isa = PBXFileReference; fileEncoding = 4; lastKnownFileType = sourcecode.c.objc; path = JBFWebViewController.m; sourceTree = "<group>"; };
		AB7FC50F1D8CBDD400D5FF3A /* JBFWebViewController.xib */ = {isa = PBXFileReference; fileEncoding = 4; lastKnownFileType = file.xib; path = JBFWebViewController.xib; sourceTree = "<group>"; };
		ABD8E0261D95E44900A75D8C /* JBFWineryModel.h */ = {isa = PBXFileReference; fileEncoding = 4; lastKnownFileType = sourcecode.c.h; path = JBFWineryModel.h; sourceTree = "<group>"; };
		ABD8E0271D95E44900A75D8C /* JBFWineryModel.m */ = {isa = PBXFileReference; fileEncoding = 4; lastKnownFileType = sourcecode.c.objc; path = JBFWineryModel.m; sourceTree = "<group>"; };
		ABE676FE1D948228001058CB /* comtesDeChampagne.jpg */ = {isa = PBXFileReference; lastKnownFileType = image.jpeg; path = comtesDeChampagne.jpg; sourceTree = "<group>"; };
		ABE677001D94825F001058CB /* zarate.gif */ = {isa = PBXFileReference; lastKnownFileType = image.gif; path = zarate.gif; sourceTree = "<group>"; };
		ABF716721C34680800B6050B /* Baccus.app */ = {isa = PBXFileReference; explicitFileType = wrapper.application; includeInIndex = 0; path = Baccus.app; sourceTree = BUILT_PRODUCTS_DIR; };
		ABF716761C34680800B6050B /* main.m */ = {isa = PBXFileReference; lastKnownFileType = sourcecode.c.objc; path = main.m; sourceTree = "<group>"; };
		ABF716781C34680800B6050B /* AppDelegate.h */ = {isa = PBXFileReference; lastKnownFileType = sourcecode.c.h; path = AppDelegate.h; sourceTree = "<group>"; };
		ABF716791C34680800B6050B /* AppDelegate.m */ = {isa = PBXFileReference; lastKnownFileType = sourcecode.c.objc; path = AppDelegate.m; sourceTree = "<group>"; };
		ABF7167B1C34680800B6050B /* Assets.xcassets */ = {isa = PBXFileReference; lastKnownFileType = folder.assetcatalog; path = Assets.xcassets; sourceTree = "<group>"; };
		ABF7167E1C34680800B6050B /* Base */ = {isa = PBXFileReference; lastKnownFileType = file.storyboard; name = Base; path = Base.lproj/LaunchScreen.storyboard; sourceTree = "<group>"; };
		ABF716801C34680800B6050B /* Info.plist */ = {isa = PBXFileReference; lastKnownFileType = text.plist.xml; path = Info.plist; sourceTree = "<group>"; };
		ABF716861C348E0E00B6050B /* JBFWineModel.h */ = {isa = PBXFileReference; fileEncoding = 4; lastKnownFileType = sourcecode.c.h; path = JBFWineModel.h; sourceTree = "<group>"; };
		ABF716871C348E0E00B6050B /* JBFWineModel.m */ = {isa = PBXFileReference; fileEncoding = 4; lastKnownFileType = sourcecode.c.objc; path = JBFWineModel.m; sourceTree = "<group>"; };
		ABF716AD1C349E9200B6050B /* JBFWineViewController.h */ = {isa = PBXFileReference; fileEncoding = 4; lastKnownFileType = sourcecode.c.h; path = JBFWineViewController.h; sourceTree = "<group>"; };
		ABF716AE1C349E9200B6050B /* JBFWineViewController.m */ = {isa = PBXFileReference; fileEncoding = 4; lastKnownFileType = sourcecode.c.objc; path = JBFWineViewController.m; sourceTree = "<group>"; };
		ABF716AF1C349E9200B6050B /* JBFWineViewController.xib */ = {isa = PBXFileReference; fileEncoding = 4; lastKnownFileType = file.xib; path = JBFWineViewController.xib; sourceTree = "<group>"; };
		ABFE7FD21E873EE10086716E /* Baccus-Prefix.pch */ = {isa = PBXFileReference; lastKnownFileType = sourcecode.c.h; path = "Baccus-Prefix.pch"; sourceTree = "<group>"; };
/* End PBXFileReference section */

/* Begin PBXFrameworksBuildPhase section */
		ABF7166F1C34680800B6050B /* Frameworks */ = {
			isa = PBXFrameworksBuildPhase;
			buildActionMask = 2147483647;
			files = (
			);
			runOnlyForDeploymentPostprocessing = 0;
		};
/* End PBXFrameworksBuildPhase section */

/* Begin PBXGroup section */
		AB2B11011C358E1E00522AC5 /* Resources */ = {
			isa = PBXGroup;
			children = (
				ABE677001D94825F001058CB /* zarate.gif */,
				ABE676FE1D948228001058CB /* comtesDeChampagne.jpg */,
				AB2B11021C358EA000522AC5 /* bembibre.jpg */,
				AB2B10FF1C358E1500522AC5 /* splitView_score_glass@2x.png */,
			);
			name = Resources;
			sourceTree = "<group>";
		};
		ABF716691C34680800B6050B = {
			isa = PBXGroup;
			children = (
				ABF716741C34680800B6050B /* Baccus */,
				ABF716731C34680800B6050B /* Products */,
			);
			sourceTree = "<group>";
		};
		ABF716731C34680800B6050B /* Products */ = {
			isa = PBXGroup;
			children = (
				ABF716721C34680800B6050B /* Baccus.app */,
			);
			name = Products;
			sourceTree = "<group>";
		};
		ABF716741C34680800B6050B /* Baccus */ = {
			isa = PBXGroup;
			children = (
				ABFE7FD21E873EE10086716E /* Baccus-Prefix.pch */,
				ABF716781C34680800B6050B /* AppDelegate.h */,
				ABF716791C34680800B6050B /* AppDelegate.m */,
				ABF716B21C349EC500B6050B /* Controllers */,
				ABF716891C348E1C00B6050B /* Models */,
				AB2B11011C358E1E00522AC5 /* Resources */,
				ABF716751C34680800B6050B /* Supporting Files */,
				ABF7167B1C34680800B6050B /* Assets.xcassets */,
				ABF7167D1C34680800B6050B /* LaunchScreen.storyboard */,
				ABF716801C34680800B6050B /* Info.plist */,
			);
			path = Baccus;
			sourceTree = "<group>";
		};
		ABF716751C34680800B6050B /* Supporting Files */ = {
			isa = PBXGroup;
			children = (
				ABF716761C34680800B6050B /* main.m */,
			);
			name = "Supporting Files";
			sourceTree = "<group>";
		};
		ABF716891C348E1C00B6050B /* Models */ = {
			isa = PBXGroup;
			children = (
				ABF716861C348E0E00B6050B /* JBFWineModel.h */,
				ABF716871C348E0E00B6050B /* JBFWineModel.m */,
				ABD8E0261D95E44900A75D8C /* JBFWineryModel.h */,
				ABD8E0271D95E44900A75D8C /* JBFWineryModel.m */,
			);
			name = Models;
			sourceTree = "<group>";
		};
		ABF716B21C349EC500B6050B /* Controllers */ = {
			isa = PBXGroup;
			children = (
				ABF716AD1C349E9200B6050B /* JBFWineViewController.h */,
				ABF716AE1C349E9200B6050B /* JBFWineViewController.m */,
				ABF716AF1C349E9200B6050B /* JBFWineViewController.xib */,
				AB7FC50D1D8CBDD400D5FF3A /* JBFWebViewController.h */,
				AB7FC50E1D8CBDD400D5FF3A /* JBFWebViewController.m */,
				AB7FC50F1D8CBDD400D5FF3A /* JBFWebViewController.xib */,
				AB08EE891D97E698001A502D /* JBFWineryTableViewController.h */,
				AB08EE8A1D97E698001A502D /* JBFWineryTableViewController.m */,
			);
			name = Controllers;
			sourceTree = "<group>";
		};
/* End PBXGroup section */

/* Begin PBXNativeTarget section */
		ABF716711C34680800B6050B /* Baccus */ = {
			isa = PBXNativeTarget;
			buildConfigurationList = ABF716831C34680800B6050B /* Build configuration list for PBXNativeTarget "Baccus" */;
			buildPhases = (
				ABF7166E1C34680800B6050B /* Sources */,
				ABF7166F1C34680800B6050B /* Frameworks */,
				ABF716701C34680800B6050B /* Resources */,
			);
			buildRules = (
			);
			dependencies = (
			);
			name = Baccus;
			productName = Baccus;
			productReference = ABF716721C34680800B6050B /* Baccus.app */;
			productType = "com.apple.product-type.application";
		};
/* End PBXNativeTarget section */

/* Begin PBXProject section */
		ABF7166A1C34680800B6050B /* Project object */ = {
			isa = PBXProject;
			attributes = {
				LastUpgradeCheck = 0800;
				ORGANIZATIONNAME = JBF;
				TargetAttributes = {
					ABF716711C34680800B6050B = {
						CreatedOnToolsVersion = 7.0;
					};
				};
			};
			buildConfigurationList = ABF7166D1C34680800B6050B /* Build configuration list for PBXProject "Baccus" */;
			compatibilityVersion = "Xcode 3.2";
			developmentRegion = English;
			hasScannedForEncodings = 0;
			knownRegions = (
				en,
				Base,
			);
			mainGroup = ABF716691C34680800B6050B;
			productRefGroup = ABF716731C34680800B6050B /* Products */;
			projectDirPath = "";
			projectRoot = "";
			targets = (
				ABF716711C34680800B6050B /* Baccus */,
			);
		};
/* End PBXProject section */

/* Begin PBXResourcesBuildPhase section */
		ABF716701C34680800B6050B /* Resources */ = {
			isa = PBXResourcesBuildPhase;
			buildActionMask = 2147483647;
			files = (
				AB7FC5111D8CBDD400D5FF3A /* JBFWebViewController.xib in Resources */,
				ABE676FF1D948228001058CB /* comtesDeChampagne.jpg in Resources */,
				AB2B11001C358E1500522AC5 /* splitView_score_glass@2x.png in Resources */,
				ABF716B11C349E9200B6050B /* JBFWineViewController.xib in Resources */,
				ABF7167C1C34680800B6050B /* Assets.xcassets in Resources */,
				ABE677011D94825F001058CB /* zarate.gif in Resources */,
				AB2B11031C358EA000522AC5 /* bembibre.jpg in Resources */,
				ABF7167F1C34680800B6050B /* LaunchScreen.storyboard in Resources */,
			);
			runOnlyForDeploymentPostprocessing = 0;
		};
/* End PBXResourcesBuildPhase section */

/* Begin PBXSourcesBuildPhase section */
		ABF7166E1C34680800B6050B /* Sources */ = {
			isa = PBXSourcesBuildPhase;
			buildActionMask = 2147483647;
			files = (
				ABF716881C348E0E00B6050B /* JBFWineModel.m in Sources */,
				ABF7167A1C34680800B6050B /* AppDelegate.m in Sources */,
				ABD8E0281D95E44900A75D8C /* JBFWineryModel.m in Sources */,
				AB7FC5101D8CBDD400D5FF3A /* JBFWebViewController.m in Sources */,
				ABF716B01C349E9200B6050B /* JBFWineViewController.m in Sources */,
				ABF716771C34680800B6050B /* main.m in Sources */,
				AB08EE8B1D97E698001A502D /* JBFWineryTableViewController.m in Sources */,
			);
			runOnlyForDeploymentPostprocessing = 0;
		};
/* End PBXSourcesBuildPhase section */

/* Begin PBXVariantGroup section */
		ABF7167D1C34680800B6050B /* LaunchScreen.storyboard */ = {
			isa = PBXVariantGroup;
			children = (
				ABF7167E1C34680800B6050B /* Base */,
			);
			name = LaunchScreen.storyboard;
			sourceTree = "<group>";
		};
/* End PBXVariantGroup section */

/* Begin XCBuildConfiguration section */
		ABF716811C34680800B6050B /* Debug */ = {
			isa = XCBuildConfiguration;
			buildSettings = {
				ALWAYS_SEARCH_USER_PATHS = NO;
				CLANG_CXX_LANGUAGE_STANDARD = "gnu++0x";
				CLANG_CXX_LIBRARY = "libc++";
				CLANG_ENABLE_MODULES = YES;
				CLANG_ENABLE_OBJC_ARC = YES;
				CLANG_WARN_BOOL_CONVERSION = YES;
				CLANG_WARN_CONSTANT_CONVERSION = YES;
				CLANG_WARN_DIRECT_OBJC_ISA_USAGE = YES_ERROR;
				CLANG_WARN_EMPTY_BODY = YES;
				CLANG_WARN_ENUM_CONVERSION = YES;
				CLANG_WARN_INFINITE_RECURSION = YES;
				CLANG_WARN_INT_CONVERSION = YES;
				CLANG_WARN_OBJC_ROOT_CLASS = YES_ERROR;
				CLANG_WARN_SUSPICIOUS_MOVE = YES;
				CLANG_WARN_UNREACHABLE_CODE = YES;
				CLANG_WARN__DUPLICATE_METHOD_MATCH = YES;
				CODE_SIGN_IDENTITY = "iPhone Developer";
				COPY_PHASE_STRIP = NO;
				DEBUG_INFORMATION_FORMAT = dwarf;
				ENABLE_STRICT_OBJC_MSGSEND = YES;
				ENABLE_TESTABILITY = YES;
				GCC_C_LANGUAGE_STANDARD = gnu99;
				GCC_DYNAMIC_NO_PIC = NO;
				GCC_NO_COMMON_BLOCKS = YES;
				GCC_OPTIMIZATION_LEVEL = 0;
				GCC_PREPROCESSOR_DEFINITIONS = (
					"DEBUG=1",
					"$(inherited)",
				);
				GCC_WARN_64_TO_32_BIT_CONVERSION = YES;
				GCC_WARN_ABOUT_RETURN_TYPE = YES_ERROR;
				GCC_WARN_UNDECLARED_SELECTOR = YES;
				GCC_WARN_UNINITIALIZED_AUTOS = YES_AGGRESSIVE;
				GCC_WARN_UNUSED_FUNCTION = YES;
				GCC_WARN_UNUSED_VARIABLE = YES;
				IPHONEOS_DEPLOYMENT_TARGET = 9.3;
				MTL_ENABLE_DEBUG_INFO = YES;
				ONLY_ACTIVE_ARCH = YES;
				SDKROOT = iphoneos;
				TARGETED_DEVICE_FAMILY = 2;
			};
			name = Debug;
		};
		ABF716821C34680800B6050B /* Release */ = {
			isa = XCBuildConfiguration;
			buildSettings = {
				ALWAYS_SEARCH_USER_PATHS = NO;
				CLANG_CXX_LANGUAGE_STANDARD = "gnu++0x";
				CLANG_CXX_LIBRARY = "libc++";
				CLANG_ENABLE_MODULES = YES;
				CLANG_ENABLE_OBJC_ARC = YES;
				CLANG_WARN_BOOL_CONVERSION = YES;
				CLANG_WARN_CONSTANT_CONVERSION = YES;
				CLANG_WARN_DIRECT_OBJC_ISA_USAGE = YES_ERROR;
				CLANG_WARN_EMPTY_BODY = YES;
				CLANG_WARN_ENUM_CONVERSION = YES;
				CLANG_WARN_INFINITE_RECURSION = YES;
				CLANG_WARN_INT_CONVERSION = YES;
				CLANG_WARN_OBJC_ROOT_CLASS = YES_ERROR;
				CLANG_WARN_SUSPICIOUS_MOVE = YES;
				CLANG_WARN_UNREACHABLE_CODE = YES;
				CLANG_WARN__DUPLICATE_METHOD_MATCH = YES;
				CODE_SIGN_IDENTITY = "iPhone Developer";
				COPY_PHASE_STRIP = NO;
				DEBUG_INFORMATION_FORMAT = "dwarf-with-dsym";
				ENABLE_NS_ASSERTIONS = NO;
				ENABLE_STRICT_OBJC_MSGSEND = YES;
				GCC_C_LANGUAGE_STANDARD = gnu99;
				GCC_NO_COMMON_BLOCKS = YES;
				GCC_WARN_64_TO_32_BIT_CONVERSION = YES;
				GCC_WARN_ABOUT_RETURN_TYPE = YES_ERROR;
				GCC_WARN_UNDECLARED_SELECTOR = YES;
				GCC_WARN_UNINITIALIZED_AUTOS = YES_AGGRESSIVE;
				GCC_WARN_UNUSED_FUNCTION = YES;
				GCC_WARN_UNUSED_VARIABLE = YES;
				IPHONEOS_DEPLOYMENT_TARGET = 9.3;
				MTL_ENABLE_DEBUG_INFO = NO;
				SDKROOT = iphoneos;
				TARGETED_DEVICE_FAMILY = 2;
				VALIDATE_PRODUCT = YES;
			};
			name = Release;
		};
		ABF716841C34680800B6050B /* Debug */ = {
			isa = XCBuildConfiguration;
			buildSettings = {
				ALWAYS_SEARCH_USER_PATHS = NO;
				ASSETCATALOG_COMPILER_APPICON_NAME = AppIcon;
				INFOPLIST_FILE = Baccus/Info.plist;
				IPHONEOS_DEPLOYMENT_TARGET = 9.3;
				LD_RUNPATH_SEARCH_PATHS = "$(inherited) @executable_path/Frameworks";
				PRODUCT_BUNDLE_IDENTIFIER = com.example.Baccus;
				PRODUCT_NAME = "$(TARGET_NAME)";
				TARGETED_DEVICE_FAMILY = "1,2";
				"USER_HEADER_SEARCH_PATHS[arch=*]" = "$(SRCROOT)/Baccus-Prefix.pch";
			};
			name = Debug;
		};
		ABF716851C34680800B6050B /* Release */ = {
			isa = XCBuildConfiguration;
			buildSettings = {
				ALWAYS_SEARCH_USER_PATHS = NO;
				ASSETCATALOG_COMPILER_APPICON_NAME = AppIcon;
				INFOPLIST_FILE = Baccus/Info.plist;
				IPHONEOS_DEPLOYMENT_TARGET = 9.3;
				LD_RUNPATH_SEARCH_PATHS = "$(inherited) @executable_path/Frameworks";
				PRODUCT_BUNDLE_IDENTIFIER = com.example.Baccus;
				PRODUCT_NAME = "$(TARGET_NAME)";
				TARGETED_DEVICE_FAMILY = "1,2";
				"USER_HEADER_SEARCH_PATHS[arch=*]" = "$(SRCROOT)/Baccus-Prefix.pch";
			};
			name = Release;
		};
/* End XCBuildConfiguration section */

/* Begin XCConfigurationList section */
		ABF7166D1C34680800B6050B /* Build configuration list for PBXProject "Baccus" */ = {
			isa = XCConfigurationList;
			buildConfigurations = (
				ABF716811C34680800B6050B /* Debug */,
				ABF716821C34680800B6050B /* Release */,
			);
			defaultConfigurationIsVisible = 0;
			defaultConfigurationName = Release;
		};
		ABF716831C34680800B6050B /* Build configuration list for PBXNativeTarget "Baccus" */ = {
			isa = XCConfigurationList;
			buildConfigurations = (
				ABF716841C34680800B6050B /* Debug */,
				ABF716851C34680800B6050B /* Release */,
			);
			defaultConfigurationIsVisible = 0;
			defaultConfigurationName = Release;
		};
/* End XCConfigurationList section */
	};
	rootObject = ABF7166A1C34680800B6050B /* Project object */;
}
